// !$*UTF8*$!
{
	archiveVersion = 1;
	classes = {
	};
	objectVersion = 56;
	objects = {

/* Begin PBXBuildFile section */
		7425D5722B0F746400321F99 /* LineTableFeedback.swift in Sources */ = {isa = PBXBuildFile; fileRef = 7425D5712B0F746400321F99 /* LineTableFeedback.swift */; };
		744718CD2B06415A00F780C7 /* BigCard.swift in Sources */ = {isa = PBXBuildFile; fileRef = 744718CC2B06415A00F780C7 /* BigCard.swift */; };
		744718CF2B0647F900F780C7 /* ConnectBluetoothView.swift in Sources */ = {isa = PBXBuildFile; fileRef = 744718CE2B0647F900F780C7 /* ConnectBluetoothView.swift */; };
		74A79D5C2B025E0300FE386C /* Feedback.swift in Sources */ = {isa = PBXBuildFile; fileRef = 74A79D5B2B025E0300FE386C /* Feedback.swift */; };
		74BB54182AE93ED70036BEE4 /* ConnectBluetooth.swift in Sources */ = {isa = PBXBuildFile; fileRef = 74BB54172AE93ED70036BEE4 /* ConnectBluetooth.swift */; };
		786069D12B03979300149ED5 /* SmallCard.swift in Sources */ = {isa = PBXBuildFile; fileRef = 786069D02B03979300149ED5 /* SmallCard.swift */; };
		78AD77C52B03B86000812221 /* BluetoothCard.swift in Sources */ = {isa = PBXBuildFile; fileRef = 78AD77C42B03B86000812221 /* BluetoothCard.swift */; };
		78C30EF32B0268D900C7D4F5 /* MainView.swift in Sources */ = {isa = PBXBuildFile; fileRef = 78C30EF22B0268D900C7D4F5 /* MainView.swift */; };
		EA51DE3B2AFD20CD0031FFD3 /* FeedbackView.swift in Sources */ = {isa = PBXBuildFile; fileRef = EA51DE3A2AFD20CD0031FFD3 /* FeedbackView.swift */; };
		EA66A3A52AE93BA80014AF6D /* OrdealApp.swift in Sources */ = {isa = PBXBuildFile; fileRef = EA66A3A42AE93BA80014AF6D /* OrdealApp.swift */; };
		EA66A3A72AE93BA80014AF6D /* ContentView.swift in Sources */ = {isa = PBXBuildFile; fileRef = EA66A3A62AE93BA80014AF6D /* ContentView.swift */; };
		EA66A3A92AE93BA80014AF6D /* Assets.xcassets in Resources */ = {isa = PBXBuildFile; fileRef = EA66A3A82AE93BA80014AF6D /* Assets.xcassets */; };
		EA66A3AC2AE93BA80014AF6D /* Preview Assets.xcassets in Resources */ = {isa = PBXBuildFile; fileRef = EA66A3AB2AE93BA80014AF6D /* Preview Assets.xcassets */; };
		EA66A3AE2AE93BA80014AF6D /* Persistence.swift in Sources */ = {isa = PBXBuildFile; fileRef = EA66A3AD2AE93BA80014AF6D /* Persistence.swift */; };
		EA66A3B12AE93BA80014AF6D /* Ordeal.xcdatamodeld in Sources */ = {isa = PBXBuildFile; fileRef = EA66A3AF2AE93BA80014AF6D /* Ordeal.xcdatamodeld */; };
		EA9AA5342AFE512700C5AEDC /* ProdutoView.swift in Sources */ = {isa = PBXBuildFile; fileRef = EA9AA5332AFE512700C5AEDC /* ProdutoView.swift */; };
		EA9AA5362AFE513600C5AEDC /* PerfilView.swift in Sources */ = {isa = PBXBuildFile; fileRef = EA9AA5352AFE513600C5AEDC /* PerfilView.swift */; };
		EAB0F33E2B07863C00AB4885 /* CarregamentoView.swift in Sources */ = {isa = PBXBuildFile; fileRef = EAB0F33D2B07863C00AB4885 /* CarregamentoView.swift */; };
/* End PBXBuildFile section */

/* Begin PBXFileReference section */
		7425D5712B0F746400321F99 /* LineTableFeedback.swift */ = {isa = PBXFileReference; lastKnownFileType = sourcecode.swift; path = LineTableFeedback.swift; sourceTree = "<group>"; };
		744718CC2B06415A00F780C7 /* BigCard.swift */ = {isa = PBXFileReference; lastKnownFileType = sourcecode.swift; path = BigCard.swift; sourceTree = "<group>"; };
		744718CE2B0647F900F780C7 /* ConnectBluetoothView.swift */ = {isa = PBXFileReference; lastKnownFileType = sourcecode.swift; path = ConnectBluetoothView.swift; sourceTree = "<group>"; };
		74A79D5B2B025E0300FE386C /* Feedback.swift */ = {isa = PBXFileReference; lastKnownFileType = sourcecode.swift; path = Feedback.swift; sourceTree = "<group>"; };
		74BB54172AE93ED70036BEE4 /* ConnectBluetooth.swift */ = {isa = PBXFileReference; lastKnownFileType = sourcecode.swift; path = ConnectBluetooth.swift; sourceTree = "<group>"; };
		786069D02B03979300149ED5 /* SmallCard.swift */ = {isa = PBXFileReference; lastKnownFileType = sourcecode.swift; name = SmallCard.swift; path = Ordeal/Views/SmallCard.swift; sourceTree = SOURCE_ROOT; };
		78AD77C42B03B86000812221 /* BluetoothCard.swift */ = {isa = PBXFileReference; lastKnownFileType = sourcecode.swift; path = BluetoothCard.swift; sourceTree = "<group>"; };
		78C30EF22B0268D900C7D4F5 /* MainView.swift */ = {isa = PBXFileReference; lastKnownFileType = sourcecode.swift; path = MainView.swift; sourceTree = "<group>"; };
		EA51DE3A2AFD20CD0031FFD3 /* FeedbackView.swift */ = {isa = PBXFileReference; lastKnownFileType = sourcecode.swift; path = FeedbackView.swift; sourceTree = "<group>"; };
		EA66A3A12AE93BA80014AF6D /* Ordeal.app */ = {isa = PBXFileReference; explicitFileType = wrapper.application; includeInIndex = 0; path = Ordeal.app; sourceTree = BUILT_PRODUCTS_DIR; };
		EA66A3A42AE93BA80014AF6D /* OrdealApp.swift */ = {isa = PBXFileReference; lastKnownFileType = sourcecode.swift; path = OrdealApp.swift; sourceTree = "<group>"; };
		EA66A3A62AE93BA80014AF6D /* ContentView.swift */ = {isa = PBXFileReference; lastKnownFileType = sourcecode.swift; path = ContentView.swift; sourceTree = "<group>"; };
		EA66A3A82AE93BA80014AF6D /* Assets.xcassets */ = {isa = PBXFileReference; lastKnownFileType = folder.assetcatalog; path = Assets.xcassets; sourceTree = "<group>"; };
		EA66A3AB2AE93BA80014AF6D /* Preview Assets.xcassets */ = {isa = PBXFileReference; lastKnownFileType = folder.assetcatalog; path = "Preview Assets.xcassets"; sourceTree = "<group>"; };
		EA66A3AD2AE93BA80014AF6D /* Persistence.swift */ = {isa = PBXFileReference; lastKnownFileType = sourcecode.swift; path = Persistence.swift; sourceTree = "<group>"; };
		EA66A3B02AE93BA80014AF6D /* Ordeal.xcdatamodel */ = {isa = PBXFileReference; lastKnownFileType = wrapper.xcdatamodel; path = Ordeal.xcdatamodel; sourceTree = "<group>"; };
		EA66A3B22AE93BA80014AF6D /* Info.plist */ = {isa = PBXFileReference; lastKnownFileType = text.plist.xml; path = Info.plist; sourceTree = "<group>"; };
		EA9AA5332AFE512700C5AEDC /* ProdutoView.swift */ = {isa = PBXFileReference; lastKnownFileType = sourcecode.swift; path = ProdutoView.swift; sourceTree = "<group>"; };
		EA9AA5352AFE513600C5AEDC /* PerfilView.swift */ = {isa = PBXFileReference; lastKnownFileType = sourcecode.swift; path = PerfilView.swift; sourceTree = "<group>"; };
		EAB0F33D2B07863C00AB4885 /* CarregamentoView.swift */ = {isa = PBXFileReference; lastKnownFileType = sourcecode.swift; path = CarregamentoView.swift; sourceTree = "<group>"; };
/* End PBXFileReference section */

/* Begin PBXFrameworksBuildPhase section */
		EA66A39E2AE93BA80014AF6D /* Frameworks */ = {
			isa = PBXFrameworksBuildPhase;
			buildActionMask = 2147483647;
			files = (
			);
			runOnlyForDeploymentPostprocessing = 0;
		};
/* End PBXFrameworksBuildPhase section */

/* Begin PBXGroup section */
		74A79D5A2B025DBF00FE386C /* Controller */ = {
			isa = PBXGroup;
			children = (
				74A79D5B2B025E0300FE386C /* Feedback.swift */,
			);
			path = Controller;
			sourceTree = "<group>";
		};
		EA66A3982AE93BA80014AF6D = {
			isa = PBXGroup;
			children = (
				EA66A3A32AE93BA80014AF6D /* Ordeal */,
				EA66A3A22AE93BA80014AF6D /* Products */,
			);
			sourceTree = "<group>";
		};
		EA66A3A22AE93BA80014AF6D /* Products */ = {
			isa = PBXGroup;
			children = (
				EA66A3A12AE93BA80014AF6D /* Ordeal.app */,
			);
			name = Products;
			sourceTree = "<group>";
		};
		EA66A3A32AE93BA80014AF6D /* Ordeal */ = {
			isa = PBXGroup;
			children = (
				EA9AA53E2AFE712600C5AEDC /* Bluetooth */,
				EA9AA53D2AFE711900C5AEDC /* Pattern */,
				74A79D5A2B025DBF00FE386C /* Controller */,
				EA9AA53B2AFE708800C5AEDC /* Components */,
				EA9AA53A2AFE707500C5AEDC /* Views */,
				EA66A3A82AE93BA80014AF6D /* Assets.xcassets */,
				EA66A3B22AE93BA80014AF6D /* Info.plist */,
				EA66A3AF2AE93BA80014AF6D /* Ordeal.xcdatamodeld */,
				EA66A3AA2AE93BA80014AF6D /* Preview Content */,
			);
			path = Ordeal;
			sourceTree = "<group>";
		};
		EA66A3AA2AE93BA80014AF6D /* Preview Content */ = {
			isa = PBXGroup;
			children = (
				EA66A3AB2AE93BA80014AF6D /* Preview Assets.xcassets */,
			);
			path = "Preview Content";
			sourceTree = "<group>";
		};
		EA9AA53A2AFE707500C5AEDC /* Views */ = {
			isa = PBXGroup;
			children = (
				EA51DE3A2AFD20CD0031FFD3 /* FeedbackView.swift */,
				EA9AA5332AFE512700C5AEDC /* ProdutoView.swift */,
				EA9AA5352AFE513600C5AEDC /* PerfilView.swift */,
				78C30EF22B0268D900C7D4F5 /* MainView.swift */,
				744718CE2B0647F900F780C7 /* ConnectBluetoothView.swift */,
				EAB0F33D2B07863C00AB4885 /* CarregamentoView.swift */,
			);
			path = Views;
			sourceTree = "<group>";
		};
		EA9AA53B2AFE708800C5AEDC /* Components */ = {
			isa = PBXGroup;
			children = (
				744718CC2B06415A00F780C7 /* BigCard.swift */,
				78AD77C42B03B86000812221 /* BluetoothCard.swift */,
				786069D02B03979300149ED5 /* SmallCard.swift */,
				7425D5712B0F746400321F99 /* LineTableFeedback.swift */,
			);
			path = Components;
			sourceTree = "<group>";
		};
		EA9AA53D2AFE711900C5AEDC /* Pattern */ = {
			isa = PBXGroup;
			children = (
				EA66A3AD2AE93BA80014AF6D /* Persistence.swift */,
				EA66A3A42AE93BA80014AF6D /* OrdealApp.swift */,
				EA66A3A62AE93BA80014AF6D /* ContentView.swift */,
			);
			path = Pattern;
			sourceTree = "<group>";
		};
		EA9AA53E2AFE712600C5AEDC /* Bluetooth */ = {
			isa = PBXGroup;
			children = (
				74BB54172AE93ED70036BEE4 /* ConnectBluetooth.swift */,
			);
			path = Bluetooth;
			sourceTree = "<group>";
		};
/* End PBXGroup section */

/* Begin PBXNativeTarget section */
		EA66A3A02AE93BA80014AF6D /* Ordeal */ = {
			isa = PBXNativeTarget;
			buildConfigurationList = EA66A3B52AE93BA80014AF6D /* Build configuration list for PBXNativeTarget "Ordeal" */;
			buildPhases = (
				EA66A39D2AE93BA80014AF6D /* Sources */,
				EA66A39E2AE93BA80014AF6D /* Frameworks */,
				EA66A39F2AE93BA80014AF6D /* Resources */,
			);
			buildRules = (
			);
			dependencies = (
			);
			name = Ordeal;
			productName = Ordeal;
			productReference = EA66A3A12AE93BA80014AF6D /* Ordeal.app */;
			productType = "com.apple.product-type.application";
		};
/* End PBXNativeTarget section */

/* Begin PBXProject section */
		EA66A3992AE93BA80014AF6D /* Project object */ = {
			isa = PBXProject;
			attributes = {
				BuildIndependentTargetsInParallel = 1;
				LastSwiftUpdateCheck = 1430;
				LastUpgradeCheck = 1500;
				TargetAttributes = {
					EA66A3A02AE93BA80014AF6D = {
						CreatedOnToolsVersion = 14.3.1;
					};
				};
			};
			buildConfigurationList = EA66A39C2AE93BA80014AF6D /* Build configuration list for PBXProject "Ordeal" */;
			compatibilityVersion = "Xcode 14.0";
			developmentRegion = en;
			hasScannedForEncodings = 0;
			knownRegions = (
				en,
				Base,
			);
			mainGroup = EA66A3982AE93BA80014AF6D;
			productRefGroup = EA66A3A22AE93BA80014AF6D /* Products */;
			projectDirPath = "";
			projectRoot = "";
			targets = (
				EA66A3A02AE93BA80014AF6D /* Ordeal */,
			);
		};
/* End PBXProject section */

/* Begin PBXResourcesBuildPhase section */
		EA66A39F2AE93BA80014AF6D /* Resources */ = {
			isa = PBXResourcesBuildPhase;
			buildActionMask = 2147483647;
			files = (
				EA66A3AC2AE93BA80014AF6D /* Preview Assets.xcassets in Resources */,
				EA66A3A92AE93BA80014AF6D /* Assets.xcassets in Resources */,
			);
			runOnlyForDeploymentPostprocessing = 0;
		};
/* End PBXResourcesBuildPhase section */

/* Begin PBXSourcesBuildPhase section */
		EA66A39D2AE93BA80014AF6D /* Sources */ = {
			isa = PBXSourcesBuildPhase;
			buildActionMask = 2147483647;
			files = (
				74BB54182AE93ED70036BEE4 /* ConnectBluetooth.swift in Sources */,
				7425D5722B0F746400321F99 /* LineTableFeedback.swift in Sources */,
				EA66A3AE2AE93BA80014AF6D /* Persistence.swift in Sources */,
				78AD77C52B03B86000812221 /* BluetoothCard.swift in Sources */,
				74A79D5C2B025E0300FE386C /* Feedback.swift in Sources */,
				78C30EF32B0268D900C7D4F5 /* MainView.swift in Sources */,
				EA66A3A72AE93BA80014AF6D /* ContentView.swift in Sources */,
				744718CF2B0647F900F780C7 /* ConnectBluetoothView.swift in Sources */,
				EA51DE3B2AFD20CD0031FFD3 /* FeedbackView.swift in Sources */,
				EA9AA5342AFE512700C5AEDC /* ProdutoView.swift in Sources */,
				EA66A3B12AE93BA80014AF6D /* Ordeal.xcdatamodeld in Sources */,
				744718CD2B06415A00F780C7 /* BigCard.swift in Sources */,
				EA66A3A52AE93BA80014AF6D /* OrdealApp.swift in Sources */,
				EA9AA5362AFE513600C5AEDC /* PerfilView.swift in Sources */,
				786069D12B03979300149ED5 /* SmallCard.swift in Sources */,
				EAB0F33E2B07863C00AB4885 /* CarregamentoView.swift in Sources */,
			);
			runOnlyForDeploymentPostprocessing = 0;
		};
/* End PBXSourcesBuildPhase section */

/* Begin XCBuildConfiguration section */
		EA66A3B32AE93BA80014AF6D /* Debug */ = {
			isa = XCBuildConfiguration;
			buildSettings = {
				ALWAYS_SEARCH_USER_PATHS = NO;
				CLANG_ANALYZER_NONNULL = YES;
				CLANG_ANALYZER_NUMBER_OBJECT_CONVERSION = YES_AGGRESSIVE;
				CLANG_CXX_LANGUAGE_STANDARD = "gnu++20";
				CLANG_ENABLE_MODULES = YES;
				CLANG_ENABLE_OBJC_ARC = YES;
				CLANG_ENABLE_OBJC_WEAK = YES;
				CLANG_WARN_BLOCK_CAPTURE_AUTORELEASING = YES;
				CLANG_WARN_BOOL_CONVERSION = YES;
				CLANG_WARN_COMMA = YES;
				CLANG_WARN_CONSTANT_CONVERSION = YES;
				CLANG_WARN_DEPRECATED_OBJC_IMPLEMENTATIONS = YES;
				CLANG_WARN_DIRECT_OBJC_ISA_USAGE = YES_ERROR;
				CLANG_WARN_DOCUMENTATION_COMMENTS = YES;
				CLANG_WARN_EMPTY_BODY = YES;
				CLANG_WARN_ENUM_CONVERSION = YES;
				CLANG_WARN_INFINITE_RECURSION = YES;
				CLANG_WARN_INT_CONVERSION = YES;
				CLANG_WARN_NON_LITERAL_NULL_CONVERSION = YES;
				CLANG_WARN_OBJC_IMPLICIT_RETAIN_SELF = YES;
				CLANG_WARN_OBJC_LITERAL_CONVERSION = YES;
				CLANG_WARN_OBJC_ROOT_CLASS = YES_ERROR;
				CLANG_WARN_QUOTED_INCLUDE_IN_FRAMEWORK_HEADER = YES;
				CLANG_WARN_RANGE_LOOP_ANALYSIS = YES;
				CLANG_WARN_STRICT_PROTOTYPES = YES;
				CLANG_WARN_SUSPICIOUS_MOVE = YES;
				CLANG_WARN_UNGUARDED_AVAILABILITY = YES_AGGRESSIVE;
				CLANG_WARN_UNREACHABLE_CODE = YES;
				CLANG_WARN__DUPLICATE_METHOD_MATCH = YES;
				COPY_PHASE_STRIP = NO;
				DEBUG_INFORMATION_FORMAT = dwarf;
				ENABLE_STRICT_OBJC_MSGSEND = YES;
				ENABLE_TESTABILITY = YES;
				ENABLE_USER_SCRIPT_SANDBOXING = YES;
				GCC_C_LANGUAGE_STANDARD = gnu11;
				GCC_DYNAMIC_NO_PIC = NO;
				GCC_NO_COMMON_BLOCKS = YES;
				GCC_OPTIMIZATION_LEVEL = 0;
				GCC_PREPROCESSOR_DEFINITIONS = (
					"DEBUG=1",
					"$(inherited)",
				);
				GCC_WARN_64_TO_32_BIT_CONVERSION = YES;
				GCC_WARN_ABOUT_RETURN_TYPE = YES_ERROR;
				GCC_WARN_UNDECLARED_SELECTOR = YES;
				GCC_WARN_UNINITIALIZED_AUTOS = YES_AGGRESSIVE;
				GCC_WARN_UNUSED_FUNCTION = YES;
				GCC_WARN_UNUSED_VARIABLE = YES;
				IPHONEOS_DEPLOYMENT_TARGET = 16.4;
				MTL_ENABLE_DEBUG_INFO = INCLUDE_SOURCE;
				MTL_FAST_MATH = YES;
				ONLY_ACTIVE_ARCH = YES;
				SDKROOT = iphoneos;
				SWIFT_ACTIVE_COMPILATION_CONDITIONS = DEBUG;
				SWIFT_OPTIMIZATION_LEVEL = "-Onone";
			};
			name = Debug;
		};
		EA66A3B42AE93BA80014AF6D /* Release */ = {
			isa = XCBuildConfiguration;
			buildSettings = {
				ALWAYS_SEARCH_USER_PATHS = NO;
				CLANG_ANALYZER_NONNULL = YES;
				CLANG_ANALYZER_NUMBER_OBJECT_CONVERSION = YES_AGGRESSIVE;
				CLANG_CXX_LANGUAGE_STANDARD = "gnu++20";
				CLANG_ENABLE_MODULES = YES;
				CLANG_ENABLE_OBJC_ARC = YES;
				CLANG_ENABLE_OBJC_WEAK = YES;
				CLANG_WARN_BLOCK_CAPTURE_AUTORELEASING = YES;
				CLANG_WARN_BOOL_CONVERSION = YES;
				CLANG_WARN_COMMA = YES;
				CLANG_WARN_CONSTANT_CONVERSION = YES;
				CLANG_WARN_DEPRECATED_OBJC_IMPLEMENTATIONS = YES;
				CLANG_WARN_DIRECT_OBJC_ISA_USAGE = YES_ERROR;
				CLANG_WARN_DOCUMENTATION_COMMENTS = YES;
				CLANG_WARN_EMPTY_BODY = YES;
				CLANG_WARN_ENUM_CONVERSION = YES;
				CLANG_WARN_INFINITE_RECURSION = YES;
				CLANG_WARN_INT_CONVERSION = YES;
				CLANG_WARN_NON_LITERAL_NULL_CONVERSION = YES;
				CLANG_WARN_OBJC_IMPLICIT_RETAIN_SELF = YES;
				CLANG_WARN_OBJC_LITERAL_CONVERSION = YES;
				CLANG_WARN_OBJC_ROOT_CLASS = YES_ERROR;
				CLANG_WARN_QUOTED_INCLUDE_IN_FRAMEWORK_HEADER = YES;
				CLANG_WARN_RANGE_LOOP_ANALYSIS = YES;
				CLANG_WARN_STRICT_PROTOTYPES = YES;
				CLANG_WARN_SUSPICIOUS_MOVE = YES;
				CLANG_WARN_UNGUARDED_AVAILABILITY = YES_AGGRESSIVE;
				CLANG_WARN_UNREACHABLE_CODE = YES;
				CLANG_WARN__DUPLICATE_METHOD_MATCH = YES;
				COPY_PHASE_STRIP = NO;
				DEBUG_INFORMATION_FORMAT = "dwarf-with-dsym";
				ENABLE_NS_ASSERTIONS = NO;
				ENABLE_STRICT_OBJC_MSGSEND = YES;
				ENABLE_USER_SCRIPT_SANDBOXING = YES;
				GCC_C_LANGUAGE_STANDARD = gnu11;
				GCC_NO_COMMON_BLOCKS = YES;
				GCC_WARN_64_TO_32_BIT_CONVERSION = YES;
				GCC_WARN_ABOUT_RETURN_TYPE = YES_ERROR;
				GCC_WARN_UNDECLARED_SELECTOR = YES;
				GCC_WARN_UNINITIALIZED_AUTOS = YES_AGGRESSIVE;
				GCC_WARN_UNUSED_FUNCTION = YES;
				GCC_WARN_UNUSED_VARIABLE = YES;
				IPHONEOS_DEPLOYMENT_TARGET = 16.4;
				MTL_ENABLE_DEBUG_INFO = NO;
				MTL_FAST_MATH = YES;
				SDKROOT = iphoneos;
				SWIFT_COMPILATION_MODE = wholemodule;
				SWIFT_OPTIMIZATION_LEVEL = "-O";
				VALIDATE_PRODUCT = YES;
			};
			name = Release;
		};
		EA66A3B62AE93BA80014AF6D /* Debug */ = {
			isa = XCBuildConfiguration;
			buildSettings = {
				ASSETCATALOG_COMPILER_APPICON_NAME = AppIcon;
				ASSETCATALOG_COMPILER_GLOBAL_ACCENT_COLOR_NAME = AccentColor;
				CODE_SIGN_STYLE = Automatic;
				CURRENT_PROJECT_VERSION = 1;
				DEVELOPMENT_ASSET_PATHS = "\"Ordeal/Preview Content\"";
				DEVELOPMENT_TEAM = FH5247AW32;
				ENABLE_PREVIEWS = YES;
				GENERATE_INFOPLIST_FILE = YES;
				INFOPLIST_KEY_NSBluetoothAlwaysUsageDescription = "Allow use to coneect to sensors";
				INFOPLIST_KEY_NSBluetoothPeripheralUsageDescription = "Allow use to coneect to sensors";
				INFOPLIST_KEY_UIApplicationSceneManifest_Generation = YES;
				INFOPLIST_KEY_UIApplicationSupportsIndirectInputEvents = YES;
				INFOPLIST_KEY_UILaunchScreen_Generation = YES;
				INFOPLIST_KEY_UISupportedInterfaceOrientations_iPad = "UIInterfaceOrientationPortrait UIInterfaceOrientationPortraitUpsideDown UIInterfaceOrientationLandscapeLeft UIInterfaceOrientationLandscapeRight";
				INFOPLIST_KEY_UISupportedInterfaceOrientations_iPhone = "UIInterfaceOrientationPortrait UIInterfaceOrientationLandscapeLeft UIInterfaceOrientationLandscapeRight";
				LD_RUNPATH_SEARCH_PATHS = (
					"$(inherited)",
					"@executable_path/Frameworks",
				);
				MARKETING_VERSION = 1.0;
				PRODUCT_BUNDLE_IDENTIFIER = com.br.piteli.ordeal;
				PRODUCT_NAME = "$(TARGET_NAME)";
				SWIFT_EMIT_LOC_STRINGS = YES;
				SWIFT_VERSION = 5.0;
				TARGETED_DEVICE_FAMILY = "1,2";
			};
			name = Debug;
		};
		EA66A3B72AE93BA80014AF6D /* Release */ = {
			isa = XCBuildConfiguration;
			buildSettings = {
				ASSETCATALOG_COMPILER_APPICON_NAME = AppIcon;
				ASSETCATALOG_COMPILER_GLOBAL_ACCENT_COLOR_NAME = AccentColor;
				CODE_SIGN_STYLE = Automatic;
				CURRENT_PROJECT_VERSION = 1;
				DEVELOPMENT_ASSET_PATHS = "\"Ordeal/Preview Content\"";
				DEVELOPMENT_TEAM = FH5247AW32;
				ENABLE_PREVIEWS = YES;
				GENERATE_INFOPLIST_FILE = YES;
				INFOPLIST_KEY_NSBluetoothAlwaysUsageDescription = "Allow use to coneect to sensors";
				INFOPLIST_KEY_NSBluetoothPeripheralUsageDescription = "Allow use to coneect to sensors";
				INFOPLIST_KEY_UIApplicationSceneManifest_Generation = YES;
				INFOPLIST_KEY_UIApplicationSupportsIndirectInputEvents = YES;
				INFOPLIST_KEY_UILaunchScreen_Generation = YES;
				INFOPLIST_KEY_UISupportedInterfaceOrientations_iPad = "UIInterfaceOrientationPortrait UIInterfaceOrientationPortraitUpsideDown UIInterfaceOrientationLandscapeLeft UIInterfaceOrientationLandscapeRight";
				INFOPLIST_KEY_UISupportedInterfaceOrientations_iPhone = "UIInterfaceOrientationPortrait UIInterfaceOrientationLandscapeLeft UIInterfaceOrientationLandscapeRight";
				LD_RUNPATH_SEARCH_PATHS = (
					"$(inherited)",
					"@executable_path/Frameworks",
				);
				MARKETING_VERSION = 1.0;
				PRODUCT_BUNDLE_IDENTIFIER = com.br.piteli.ordeal;
				PRODUCT_NAME = "$(TARGET_NAME)";
				SWIFT_EMIT_LOC_STRINGS = YES;
				SWIFT_VERSION = 5.0;
				TARGETED_DEVICE_FAMILY = "1,2";
			};
			name = Release;
		};
/* End XCBuildConfiguration section */

/* Begin XCConfigurationList section */
		EA66A39C2AE93BA80014AF6D /* Build configuration list for PBXProject "Ordeal" */ = {
			isa = XCConfigurationList;
			buildConfigurations = (
				EA66A3B32AE93BA80014AF6D /* Debug */,
				EA66A3B42AE93BA80014AF6D /* Release */,
			);
			defaultConfigurationIsVisible = 0;
			defaultConfigurationName = Release;
		};
		EA66A3B52AE93BA80014AF6D /* Build configuration list for PBXNativeTarget "Ordeal" */ = {
			isa = XCConfigurationList;
			buildConfigurations = (
				EA66A3B62AE93BA80014AF6D /* Debug */,
				EA66A3B72AE93BA80014AF6D /* Release */,
			);
			defaultConfigurationIsVisible = 0;
			defaultConfigurationName = Release;
		};
/* End XCConfigurationList section */

/* Begin XCVersionGroup section */
		EA66A3AF2AE93BA80014AF6D /* Ordeal.xcdatamodeld */ = {
			isa = XCVersionGroup;
			children = (
				EA66A3B02AE93BA80014AF6D /* Ordeal.xcdatamodel */,
			);
			currentVersion = EA66A3B02AE93BA80014AF6D /* Ordeal.xcdatamodel */;
			path = Ordeal.xcdatamodeld;
			sourceTree = "<group>";
			versionGroupType = wrapper.xcdatamodel;
		};
/* End XCVersionGroup section */
	};
	rootObject = EA66A3992AE93BA80014AF6D /* Project object */;
}
